
Microsoft Visual Studio Solution File, Format Version 12.00
# Visual Studio Version 17
VisualStudioVersion = 17.8.34511.84
MinimumVisualStudioVersion = 10.0.40219.1
Project("{9A19103F-16F7-4668-BE54-9A1E7A4F7556}") = "ntier.web", "app6-web\ntier.web.csproj", "{641EC542-6977-4115-B6AB-5983C3EB469F}"
EndProject
Project("{FAE04EC0-301F-11D3-BF4B-00C04F79EFBC}") = "ntier.DataAccess", "ntier.DataAccess\ntier.DataAccess.csproj", "{195EA312-F8F2-4849-972C-715E9FEA4366}"
EndProject
Project("{FAE04EC0-301F-11D3-BF4B-00C04F79EFBC}") = "ntier.Models", "ntier.Models\ntier.Models.csproj", "{09379749-8789-4FF9-8411-35E80B4BB2E7}"
EndProject
Project("{FAE04EC0-301F-11D3-BF4B-00C04F79EFBC}") = "ntier.Utility", "ntier.Utility\ntier.Utility.csproj", "{C7E3A0D3-434A-4583-956C-3014AA5650D7}"
EndProject
Global
	GlobalSection(SolutionConfigurationPlatforms) = preSolution
		Debug|Any CPU = Debug|Any CPU
		Release|Any CPU = Release|Any CPU
	EndGlobalSection
	GlobalSection(ProjectConfigurationPlatforms) = postSolution
		{641EC542-6977-4115-B6AB-5983C3EB469F}.Debug|Any CPU.ActiveCfg = Debug|Any CPU
		{641EC542-6977-4115-B6AB-5983C3EB469F}.Debug|Any CPU.Build.0 = Debug|Any CPU
		{641EC542-6977-4115-B6AB-5983C3EB469F}.Release|Any CPU.ActiveCfg = Release|Any CPU
		{641EC542-6977-4115-B6AB-5983C3EB469F}.Release|Any CPU.Build.0 = Release|Any CPU
		{195EA312-F8F2-4849-972C-715E9FEA4366}.Debug|Any CPU.ActiveCfg = Debug|Any CPU
		{195EA312-F8F2-4849-972C-715E9FEA4366}.Debug|Any CPU.Build.0 = Debug|Any CPU
		{195EA312-F8F2-4849-972C-715E9FEA4366}.Release|Any CPU.ActiveCfg = Release|Any CPU
		{195EA312-F8F2-4849-972C-715E9FEA4366}.Release|Any CPU.Build.0 = Release|Any CPU
		{09379749-8789-4FF9-8411-35E80B4BB2E7}.Debug|Any CPU.ActiveCfg = Debug|Any CPU
		{09379749-8789-4FF9-8411-35E80B4BB2E7}.Debug|Any CPU.Build.0 = Debug|Any CPU
		{09379749-8789-4FF9-8411-35E80B4BB2E7}.Release|Any CPU.ActiveCfg = Release|Any CPU
		{09379749-8789-4FF9-8411-35E80B4BB2E7}.Release|Any CPU.Build.0 = Release|Any CPU
		{C7E3A0D3-434A-4583-956C-3014AA5650D7}.Debug|Any CPU.ActiveCfg = Debug|Any CPU
		{C7E3A0D3-434A-4583-956C-3014AA5650D7}.Debug|Any CPU.Build.0 = Debug|Any CPU
		{C7E3A0D3-434A-4583-956C-3014AA5650D7}.Release|Any CPU.ActiveCfg = Release|Any CPU
		{C7E3A0D3-434A-4583-956C-3014AA5650D7}.Release|Any CPU.Build.0 = Release|Any CPU
	EndGlobalSection
	GlobalSection(SolutionProperties) = preSolution
		HideSolutionNode = FALSE
	EndGlobalSection
	GlobalSection(ExtensibilityGlobals) = postSolution
		SolutionGuid = {30514E65-4B0F-4984-8F15-99865BBA5421}
	EndGlobalSection
EndGlobal
